# IF THERE'S A GIT CONFLICT IN THIS FILE, DON'T SOLVE IT MANUALLY!
# INSTEAD EXECUTE `prisma2 migrate fix`
# Prisma Migrate lockfile v1
# Read more about conflict resolution here: TODO

20200107161936-bootstrap
20200108172036-unique_source_name
20200117183910-structuredefinition
20200120163303-flatten-attributes
20200206193616-move-structuredefs-to-api
20200218162146-concept-maps
20200302181723-resource-filters
20200303140454-enable-oracle
20200310183411-attribute-definition-id
20200324142947-acl
20200327121708-cleanup-prisma-preview24
20200327170316-unique-constraints
20200331153819-comments-table
20200422093810-attribute-slicename